// !$*UTF8*$!
{
	archiveVersion = 1;
	classes = {
	};
	objectVersion = 48;
	objects = {

/* Begin PBXBuildFile section */
		8A5F108E5F0C6AF073CBC263 /* Pods_Pop_Comics.framework in Frameworks */ = {isa = PBXBuildFile; fileRef = A49864D09152285EDA471FB1 /* Pods_Pop_Comics.framework */; };
		D003B820204F94DA005500AD /* AppDelegate.swift in Sources */ = {isa = PBXBuildFile; fileRef = D003B81F204F94DA005500AD /* AppDelegate.swift */; };
		D003B822204F94DA005500AD /* ViewController.swift in Sources */ = {isa = PBXBuildFile; fileRef = D003B821204F94DA005500AD /* ViewController.swift */; };
		D003B825204F94DA005500AD /* Main.storyboard in Resources */ = {isa = PBXBuildFile; fileRef = D003B823204F94DA005500AD /* Main.storyboard */; };
		D003B827204F94DA005500AD /* Assets.xcassets in Resources */ = {isa = PBXBuildFile; fileRef = D003B826204F94DA005500AD /* Assets.xcassets */; };
		D003B82A204F94DA005500AD /* LaunchScreen.storyboard in Resources */ = {isa = PBXBuildFile; fileRef = D003B828204F94DA005500AD /* LaunchScreen.storyboard */; };
		D003B837204F9752005500AD /* ComicManager.swift in Sources */ = {isa = PBXBuildFile; fileRef = D003B836204F9752005500AD /* ComicManager.swift */; };
		D0D2C92620A519F30080CBED /* All Star Superman 000.cbr in Resources */ = {isa = PBXBuildFile; fileRef = D0D2C92520A519BA0080CBED /* All Star Superman 000.cbr */; };
		D0D4364620A52FBD00A18713 /* alias.cbt in Resources */ = {isa = PBXBuildFile; fileRef = D0D4364520A52FB700A18713 /* alias.cbt */; };
		D0DF719E20A3DDED00720267 /* Amazing Spider-Man Renew Your Vows (2016-) #13.cbz in Resources */ = {isa = PBXBuildFile; fileRef = D003B834204F96AE005500AD /* Amazing Spider-Man Renew Your Vows (2016-) #13.cbz */; };
/* End PBXBuildFile section */

/* Begin PBXFileReference section */
		0A55C9603DDF4E4D8100F120 /* Pods-Pop Comics.debug.xcconfig */ = {isa = PBXFileReference; includeInIndex = 1; lastKnownFileType = text.xcconfig; name = "Pods-Pop Comics.debug.xcconfig"; path = "Pods/Target Support Files/Pods-Pop Comics/Pods-Pop Comics.debug.xcconfig"; sourceTree = "<group>"; };
		88C301B021AF80F9971AD990 /* Pods-Pop Comics.release.xcconfig */ = {isa = PBXFileReference; includeInIndex = 1; lastKnownFileType = text.xcconfig; name = "Pods-Pop Comics.release.xcconfig"; path = "Pods/Target Support Files/Pods-Pop Comics/Pods-Pop Comics.release.xcconfig"; sourceTree = "<group>"; };
		A49864D09152285EDA471FB1 /* Pods_Pop_Comics.framework */ = {isa = PBXFileReference; explicitFileType = wrapper.framework; includeInIndex = 0; path = Pods_Pop_Comics.framework; sourceTree = BUILT_PRODUCTS_DIR; };
		D003B81C204F94DA005500AD /* Pop Comics.app */ = {isa = PBXFileReference; explicitFileType = wrapper.application; includeInIndex = 0; path = "Pop Comics.app"; sourceTree = BUILT_PRODUCTS_DIR; };
		D003B81F204F94DA005500AD /* AppDelegate.swift */ = {isa = PBXFileReference; lastKnownFileType = sourcecode.swift; path = AppDelegate.swift; sourceTree = "<group>"; };
		D003B821204F94DA005500AD /* ViewController.swift */ = {isa = PBXFileReference; lastKnownFileType = sourcecode.swift; path = ViewController.swift; sourceTree = "<group>"; };
		D003B824204F94DA005500AD /* Base */ = {isa = PBXFileReference; lastKnownFileType = file.storyboard; name = Base; path = Base.lproj/Main.storyboard; sourceTree = "<group>"; };
		D003B826204F94DA005500AD /* Assets.xcassets */ = {isa = PBXFileReference; lastKnownFileType = folder.assetcatalog; path = Assets.xcassets; sourceTree = "<group>"; };
		D003B829204F94DA005500AD /* Base */ = {isa = PBXFileReference; lastKnownFileType = file.storyboard; name = Base; path = Base.lproj/LaunchScreen.storyboard; sourceTree = "<group>"; };
		D003B82B204F94DA005500AD /* Info.plist */ = {isa = PBXFileReference; lastKnownFileType = text.plist.xml; path = Info.plist; sourceTree = "<group>"; };
		D003B834204F96AE005500AD /* Amazing Spider-Man Renew Your Vows (2016-) #13.cbz */ = {isa = PBXFileReference; lastKnownFileType = file; path = "Amazing Spider-Man Renew Your Vows (2016-) #13.cbz"; sourceTree = "<group>"; };
		D003B836204F9752005500AD /* ComicManager.swift */ = {isa = PBXFileReference; lastKnownFileType = sourcecode.swift; path = ComicManager.swift; sourceTree = "<group>"; };
		D0D2C92520A519BA0080CBED /* All Star Superman 000.cbr */ = {isa = PBXFileReference; lastKnownFileType = file; path = "All Star Superman 000.cbr"; sourceTree = "<group>"; };
		D0D4364520A52FB700A18713 /* alias.cbt */ = {isa = PBXFileReference; lastKnownFileType = file; path = alias.cbt; sourceTree = "<group>"; };
/* End PBXFileReference section */

/* Begin PBXFrameworksBuildPhase section */
		D003B819204F94DA005500AD /* Frameworks */ = {
			isa = PBXFrameworksBuildPhase;
			buildActionMask = 2147483647;
			files = (
				8A5F108E5F0C6AF073CBC263 /* Pods_Pop_Comics.framework in Frameworks */,
			);
			runOnlyForDeploymentPostprocessing = 0;
		};
/* End PBXFrameworksBuildPhase section */

/* Begin PBXGroup section */
		D003B813204F94DA005500AD = {
			isa = PBXGroup;
			children = (
				D003B81E204F94DA005500AD /* Pop Comics */,
				D003B81D204F94DA005500AD /* Products */,
				DFA0C195B3EAF311ED662247 /* Pods */,
				E88E3409061ED50A799BC7B3 /* Frameworks */,
			);
			sourceTree = "<group>";
		};
		D003B81D204F94DA005500AD /* Products */ = {
			isa = PBXGroup;
			children = (
				D003B81C204F94DA005500AD /* Pop Comics.app */,
			);
			name = Products;
			sourceTree = "<group>";
		};
		D003B81E204F94DA005500AD /* Pop Comics */ = {
			isa = PBXGroup;
			children = (
				D003B835204F96E0005500AD /* File Manager */,
				D003B81F204F94DA005500AD /* AppDelegate.swift */,
				D003B821204F94DA005500AD /* ViewController.swift */,
				D003B823204F94DA005500AD /* Main.storyboard */,
				D003B826204F94DA005500AD /* Assets.xcassets */,
				D003B828204F94DA005500AD /* LaunchScreen.storyboard */,
				D003B834204F96AE005500AD /* Amazing Spider-Man Renew Your Vows (2016-) #13.cbz */,
				D0D4364520A52FB700A18713 /* alias.cbt */,
				D0D2C92520A519BA0080CBED /* All Star Superman 000.cbr */,
				D003B82B204F94DA005500AD /* Info.plist */,
			);
			path = "Pop Comics";
			sourceTree = "<group>";
		};
		D003B835204F96E0005500AD /* File Manager */ = {
			isa = PBXGroup;
			children = (
				D003B836204F9752005500AD /* ComicManager.swift */,
			);
			path = "File Manager";
			sourceTree = "<group>";
		};
		DFA0C195B3EAF311ED662247 /* Pods */ = {
			isa = PBXGroup;
			children = (
				0A55C9603DDF4E4D8100F120 /* Pods-Pop Comics.debug.xcconfig */,
				88C301B021AF80F9971AD990 /* Pods-Pop Comics.release.xcconfig */,
			);
			name = Pods;
			sourceTree = "<group>";
		};
		E88E3409061ED50A799BC7B3 /* Frameworks */ = {
			isa = PBXGroup;
			children = (
				A49864D09152285EDA471FB1 /* Pods_Pop_Comics.framework */,
			);
			name = Frameworks;
			sourceTree = "<group>";
		};
/* End PBXGroup section */

/* Begin PBXNativeTarget section */
		D003B81B204F94DA005500AD /* Pop Comics */ = {
			isa = PBXNativeTarget;
			buildConfigurationList = D003B82E204F94DA005500AD /* Build configuration list for PBXNativeTarget "Pop Comics" */;
			buildPhases = (
				3D9FC6F15B369CE086B30B1B /* [CP] Check Pods Manifest.lock */,
				D003B818204F94DA005500AD /* Sources */,
				D003B819204F94DA005500AD /* Frameworks */,
				D003B81A204F94DA005500AD /* Resources */,
				7F84DD5F055A6CE981DB2D6D /* [CP] Embed Pods Frameworks */,
				D4D08E9DDF7152E9441B94ED /* [CP] Copy Pods Resources */,
			);
			buildRules = (
			);
			dependencies = (
			);
			name = "Pop Comics";
			productName = "Pop Comics";
			productReference = D003B81C204F94DA005500AD /* Pop Comics.app */;
			productType = "com.apple.product-type.application";
		};
/* End PBXNativeTarget section */

/* Begin PBXProject section */
		D003B814204F94DA005500AD /* Project object */ = {
			isa = PBXProject;
			attributes = {
				LastSwiftUpdateCheck = 0920;
				LastUpgradeCheck = 0920;
				ORGANIZATIONNAME = "Oklasoft LLC";
				TargetAttributes = {
					D003B81B204F94DA005500AD = {
						CreatedOnToolsVersion = 9.2;
						ProvisioningStyle = Automatic;
					};
				};
			};
			buildConfigurationList = D003B817204F94DA005500AD /* Build configuration list for PBXProject "Pop Comics" */;
			compatibilityVersion = "Xcode 8.0";
			developmentRegion = en;
			hasScannedForEncodings = 0;
			knownRegions = (
				en,
				Base,
			);
			mainGroup = D003B813204F94DA005500AD;
			productRefGroup = D003B81D204F94DA005500AD /* Products */;
			projectDirPath = "";
			projectRoot = "";
			targets = (
				D003B81B204F94DA005500AD /* Pop Comics */,
			);
		};
/* End PBXProject section */

/* Begin PBXResourcesBuildPhase section */
		D003B81A204F94DA005500AD /* Resources */ = {
			isa = PBXResourcesBuildPhase;
			buildActionMask = 2147483647;
			files = (
				D0D4364620A52FBD00A18713 /* alias.cbt in Resources */,
				D0D2C92620A519F30080CBED /* All Star Superman 000.cbr in Resources */,
				D0DF719E20A3DDED00720267 /* Amazing Spider-Man Renew Your Vows (2016-) #13.cbz in Resources */,
				D003B82A204F94DA005500AD /* LaunchScreen.storyboard in Resources */,
				D003B827204F94DA005500AD /* Assets.xcassets in Resources */,
				D003B825204F94DA005500AD /* Main.storyboard in Resources */,
			);
			runOnlyForDeploymentPostprocessing = 0;
		};
/* End PBXResourcesBuildPhase section */

/* Begin PBXShellScriptBuildPhase section */
		3D9FC6F15B369CE086B30B1B /* [CP] Check Pods Manifest.lock */ = {
			isa = PBXShellScriptBuildPhase;
			buildActionMask = 2147483647;
			files = (
			);
			inputPaths = (
				"${PODS_PODFILE_DIR_PATH}/Podfile.lock",
				"${PODS_ROOT}/Manifest.lock",
			);
			name = "[CP] Check Pods Manifest.lock";
			outputPaths = (
				"$(DERIVED_FILE_DIR)/Pods-Pop Comics-checkManifestLockResult.txt",
			);
			runOnlyForDeploymentPostprocessing = 0;
			shellPath = /bin/sh;
			shellScript = "diff \"${PODS_PODFILE_DIR_PATH}/Podfile.lock\" \"${PODS_ROOT}/Manifest.lock\" > /dev/null\nif [ $? != 0 ] ; then\n    # print error to STDERR\n    echo \"error: The sandbox is not in sync with the Podfile.lock. Run 'pod install' or update your CocoaPods installation.\" >&2\n    exit 1\nfi\n# This output is used by Xcode 'outputs' to avoid re-running this script phase.\necho \"SUCCESS\" > \"${SCRIPT_OUTPUT_FILE_0}\"\n";
			showEnvVarsInLog = 0;
		};
		7F84DD5F055A6CE981DB2D6D /* [CP] Embed Pods Frameworks */ = {
			isa = PBXShellScriptBuildPhase;
			buildActionMask = 2147483647;
			files = (
			);
			inputPaths = (
				"${SRCROOT}/Pods/Target Support Files/Pods-Pop Comics/Pods-Pop Comics-frameworks.sh",
				"${BUILT_PRODUCTS_DIR}/NVHTarGzip/NVHTarGzip.framework",
				"${BUILT_PRODUCTS_DIR}/UnrarKit/UnrarKit.framework",
				"${BUILT_PRODUCTS_DIR}/Zip/Zip.framework",
			);
			name = "[CP] Embed Pods Frameworks";
			outputPaths = (
				"${TARGET_BUILD_DIR}/${FRAMEWORKS_FOLDER_PATH}/NVHTarGzip.framework",
				"${TARGET_BUILD_DIR}/${FRAMEWORKS_FOLDER_PATH}/UnrarKit.framework",
				"${TARGET_BUILD_DIR}/${FRAMEWORKS_FOLDER_PATH}/Zip.framework",
			);
			runOnlyForDeploymentPostprocessing = 0;
			shellPath = /bin/sh;
			shellScript = "\"${SRCROOT}/Pods/Target Support Files/Pods-Pop Comics/Pods-Pop Comics-frameworks.sh\"\n";
			showEnvVarsInLog = 0;
		};
		D4D08E9DDF7152E9441B94ED /* [CP] Copy Pods Resources */ = {
			isa = PBXShellScriptBuildPhase;
			buildActionMask = 2147483647;
			files = (
			);
			inputPaths = (
			);
			name = "[CP] Copy Pods Resources";
			outputPaths = (
			);
			runOnlyForDeploymentPostprocessing = 0;
			shellPath = /bin/sh;
			shellScript = "\"${SRCROOT}/Pods/Target Support Files/Pods-Pop Comics/Pods-Pop Comics-resources.sh\"\n";
			showEnvVarsInLog = 0;
		};
/* End PBXShellScriptBuildPhase section */

/* Begin PBXSourcesBuildPhase section */
		D003B818204F94DA005500AD /* Sources */ = {
			isa = PBXSourcesBuildPhase;
			buildActionMask = 2147483647;
			files = (
				D003B822204F94DA005500AD /* ViewController.swift in Sources */,
				D003B820204F94DA005500AD /* AppDelegate.swift in Sources */,
				D003B837204F9752005500AD /* ComicManager.swift in Sources */,
			);
			runOnlyForDeploymentPostprocessing = 0;
		};
/* End PBXSourcesBuildPhase section */

/* Begin PBXVariantGroup section */
		D003B823204F94DA005500AD /* Main.storyboard */ = {
			isa = PBXVariantGroup;
			children = (
				D003B824204F94DA005500AD /* Base */,
			);
			name = Main.storyboard;
			sourceTree = "<group>";
		};
		D003B828204F94DA005500AD /* LaunchScreen.storyboard */ = {
			isa = PBXVariantGroup;
			children = (
				D003B829204F94DA005500AD /* Base */,
			);
			name = LaunchScreen.storyboard;
			sourceTree = "<group>";
		};
/* End PBXVariantGroup section */

/* Begin XCBuildConfiguration section */
		D003B82C204F94DA005500AD /* Debug */ = {
			isa = XCBuildConfiguration;
			buildSettings = {
				ALWAYS_SEARCH_USER_PATHS = NO;
				CLANG_ANALYZER_NONNULL = YES;
				CLANG_ANALYZER_NUMBER_OBJECT_CONVERSION = YES_AGGRESSIVE;
				CLANG_CXX_LANGUAGE_STANDARD = "gnu++14";
				CLANG_CXX_LIBRARY = "libc++";
				CLANG_ENABLE_MODULES = YES;
				CLANG_ENABLE_OBJC_ARC = YES;
				CLANG_WARN_BLOCK_CAPTURE_AUTORELEASING = YES;
				CLANG_WARN_BOOL_CONVERSION = YES;
				CLANG_WARN_COMMA = YES;
				CLANG_WARN_CONSTANT_CONVERSION = YES;
				CLANG_WARN_DIRECT_OBJC_ISA_USAGE = YES_ERROR;
				CLANG_WARN_DOCUMENTATION_COMMENTS = YES;
				CLANG_WARN_EMPTY_BODY = YES;
				CLANG_WARN_ENUM_CONVERSION = YES;
				CLANG_WARN_INFINITE_RECURSION = YES;
				CLANG_WARN_INT_CONVERSION = YES;
				CLANG_WARN_NON_LITERAL_NULL_CONVERSION = YES;
				CLANG_WARN_OBJC_LITERAL_CONVERSION = YES;
				CLANG_WARN_OBJC_ROOT_CLASS = YES_ERROR;
				CLANG_WARN_RANGE_LOOP_ANALYSIS = YES;
				CLANG_WARN_STRICT_PROTOTYPES = YES;
				CLANG_WARN_SUSPICIOUS_MOVE = YES;
				CLANG_WARN_UNGUARDED_AVAILABILITY = YES_AGGRESSIVE;
				CLANG_WARN_UNREACHABLE_CODE = YES;
				CLANG_WARN__DUPLICATE_METHOD_MATCH = YES;
				CODE_SIGN_IDENTITY = "iPhone Developer";
				COPY_PHASE_STRIP = NO;
				DEBUG_INFORMATION_FORMAT = dwarf;
				ENABLE_STRICT_OBJC_MSGSEND = YES;
				ENABLE_TESTABILITY = YES;
				GCC_C_LANGUAGE_STANDARD = gnu11;
				GCC_DYNAMIC_NO_PIC = NO;
				GCC_NO_COMMON_BLOCKS = YES;
				GCC_OPTIMIZATION_LEVEL = 0;
				GCC_PREPROCESSOR_DEFINITIONS = (
					"DEBUG=1",
					"$(inherited)",
				);
				GCC_WARN_64_TO_32_BIT_CONVERSION = YES;
				GCC_WARN_ABOUT_RETURN_TYPE = YES_ERROR;
				GCC_WARN_UNDECLARED_SELECTOR = YES;
				GCC_WARN_UNINITIALIZED_AUTOS = YES_AGGRESSIVE;
				GCC_WARN_UNUSED_FUNCTION = YES;
				GCC_WARN_UNUSED_VARIABLE = YES;
				IPHONEOS_DEPLOYMENT_TARGET = 11.2;
				MTL_ENABLE_DEBUG_INFO = YES;
				ONLY_ACTIVE_ARCH = YES;
				SDKROOT = iphoneos;
				SWIFT_ACTIVE_COMPILATION_CONDITIONS = DEBUG;
				SWIFT_OPTIMIZATION_LEVEL = "-Onone";
			};
			name = Debug;
		};
		D003B82D204F94DA005500AD /* Release */ = {
			isa = XCBuildConfiguration;
			buildSettings = {
				ALWAYS_SEARCH_USER_PATHS = NO;
				CLANG_ANALYZER_NONNULL = YES;
				CLANG_ANALYZER_NUMBER_OBJECT_CONVERSION = YES_AGGRESSIVE;
				CLANG_CXX_LANGUAGE_STANDARD = "gnu++14";
				CLANG_CXX_LIBRARY = "libc++";
				CLANG_ENABLE_MODULES = YES;
				CLANG_ENABLE_OBJC_ARC = YES;
				CLANG_WARN_BLOCK_CAPTURE_AUTORELEASING = YES;
				CLANG_WARN_BOOL_CONVERSION = YES;
				CLANG_WARN_COMMA = YES;
				CLANG_WARN_CONSTANT_CONVERSION = YES;
				CLANG_WARN_DIRECT_OBJC_ISA_USAGE = YES_ERROR;
				CLANG_WARN_DOCUMENTATION_COMMENTS = YES;
				CLANG_WARN_EMPTY_BODY = YES;
				CLANG_WARN_ENUM_CONVERSION = YES;
				CLANG_WARN_INFINITE_RECURSION = YES;
				CLANG_WARN_INT_CONVERSION = YES;
				CLANG_WARN_NON_LITERAL_NULL_CONVERSION = YES;
				CLANG_WARN_OBJC_LITERAL_CONVERSION = YES;
				CLANG_WARN_OBJC_ROOT_CLASS = YES_ERROR;
				CLANG_WARN_RANGE_LOOP_ANALYSIS = YES;
				CLANG_WARN_STRICT_PROTOTYPES = YES;
				CLANG_WARN_SUSPICIOUS_MOVE = YES;
				CLANG_WARN_UNGUARDED_AVAILABILITY = YES_AGGRESSIVE;
				CLANG_WARN_UNREACHABLE_CODE = YES;
				CLANG_WARN__DUPLICATE_METHOD_MATCH = YES;
				CODE_SIGN_IDENTITY = "iPhone Developer";
				COPY_PHASE_STRIP = NO;
				DEBUG_INFORMATION_FORMAT = "dwarf-with-dsym";
				ENABLE_NS_ASSERTIONS = NO;
				ENABLE_STRICT_OBJC_MSGSEND = YES;
				GCC_C_LANGUAGE_STANDARD = gnu11;
				GCC_NO_COMMON_BLOCKS = YES;
				GCC_WARN_64_TO_32_BIT_CONVERSION = YES;
				GCC_WARN_ABOUT_RETURN_TYPE = YES_ERROR;
				GCC_WARN_UNDECLARED_SELECTOR = YES;
				GCC_WARN_UNINITIALIZED_AUTOS = YES_AGGRESSIVE;
				GCC_WARN_UNUSED_FUNCTION = YES;
				GCC_WARN_UNUSED_VARIABLE = YES;
				IPHONEOS_DEPLOYMENT_TARGET = 11.2;
				MTL_ENABLE_DEBUG_INFO = NO;
				SDKROOT = iphoneos;
				SWIFT_OPTIMIZATION_LEVEL = "-Owholemodule";
				VALIDATE_PRODUCT = YES;
			};
			name = Release;
		};
		D003B82F204F94DA005500AD /* Debug */ = {
			isa = XCBuildConfiguration;
			baseConfigurationReference = 0A55C9603DDF4E4D8100F120 /* Pods-Pop Comics.debug.xcconfig */;
			buildSettings = {
				ASSETCATALOG_COMPILER_APPICON_NAME = AppIcon;
				CODE_SIGN_STYLE = Automatic;
				DEVELOPMENT_TEAM = CDP7Y4YU55;
				INFOPLIST_FILE = "Pop Comics/Info.plist";
				LD_RUNPATH_SEARCH_PATHS = "$(inherited) @executable_path/Frameworks";
				PRODUCT_BUNDLE_IDENTIFIER = "com.oakes.Pop-Comics";
				PRODUCT_NAME = "$(TARGET_NAME)";
				SWIFT_VERSION = 4.0;
				TARGETED_DEVICE_FAMILY = "1,2";
			};
			name = Debug;
		};
		D003B830204F94DA005500AD /* Release */ = {
			isa = XCBuildConfiguration;
			baseConfigurationReference = 88C301B021AF80F9971AD990 /* Pods-Pop Comics.release.xcconfig */;
			buildSettings = {
				ASSETCATALOG_COMPILER_APPICON_NAME = AppIcon;
				CODE_SIGN_STYLE = Automatic;
				DEVELOPMENT_TEAM = CDP7Y4YU55;
				INFOPLIST_FILE = "Pop Comics/Info.plist";
				LD_RUNPATH_SEARCH_PATHS = "$(inherited) @executable_path/Frameworks";
				PRODUCT_BUNDLE_IDENTIFIER = "com.oakes.Pop-Comics";
				PRODUCT_NAME = "$(TARGET_NAME)";
				SWIFT_VERSION = 4.0;
				TARGETED_DEVICE_FAMILY = "1,2";
			};
			name = Release;
		};
/* End XCBuildConfiguration section */

/* Begin XCConfigurationList section */
		D003B817204F94DA005500AD /* Build configuration list for PBXProject "Pop Comics" */ = {
			isa = XCConfigurationList;
			buildConfigurations = (
				D003B82C204F94DA005500AD /* Debug */,
				D003B82D204F94DA005500AD /* Release */,
			);
			defaultConfigurationIsVisible = 0;
			defaultConfigurationName = Release;
		};
		D003B82E204F94DA005500AD /* Build configuration list for PBXNativeTarget "Pop Comics" */ = {
			isa = XCConfigurationList;
			buildConfigurations = (
				D003B82F204F94DA005500AD /* Debug */,
				D003B830204F94DA005500AD /* Release */,
			);
			defaultConfigurationIsVisible = 0;
			defaultConfigurationName = Release;
		};
/* End XCConfigurationList section */
	};
	rootObject = D003B814204F94DA005500AD /* Project object */;
}
