// !$*UTF8*$!
{
	archiveVersion = 1;
	classes = {
	};
	objectVersion = 48;
	objects = {

/* Begin PBXBuildFile section */
		3F9970012257CBE500BAADA1 /* Metadata+CoreDataClass.m in Sources */ = {isa = PBXBuildFile; fileRef = 3F9970002257CBE500BAADA1 /* Metadata+CoreDataClass.m */; };
		3F9970042257CC0900BAADA1 /* Metadata+CoreDataProperties.m in Sources */ = {isa = PBXBuildFile; fileRef = 3F9970032257CC0900BAADA1 /* Metadata+CoreDataProperties.m */; };
		8A5F108E5F0C6AF073CBC263 /* Pods_Pop_Comics.framework in Frameworks */ = {isa = PBXBuildFile; fileRef = A49864D09152285EDA471FB1 /* Pods_Pop_Comics.framework */; };
		D003B820204F94DA005500AD /* AppDelegate.swift in Sources */ = {isa = PBXBuildFile; fileRef = D003B81F204F94DA005500AD /* AppDelegate.swift */; };
		D003B825204F94DA005500AD /* Main.storyboard in Resources */ = {isa = PBXBuildFile; fileRef = D003B823204F94DA005500AD /* Main.storyboard */; };
		D003B827204F94DA005500AD /* Assets.xcassets in Resources */ = {isa = PBXBuildFile; fileRef = D003B826204F94DA005500AD /* Assets.xcassets */; };
		D003B82A204F94DA005500AD /* LaunchScreen.storyboard in Resources */ = {isa = PBXBuildFile; fileRef = D003B828204F94DA005500AD /* LaunchScreen.storyboard */; };
		D003B837204F9752005500AD /* ComicManager.swift in Sources */ = {isa = PBXBuildFile; fileRef = D003B836204F9752005500AD /* ComicManager.swift */; };
		D033677A20D2006600E37E55 /* SplitViewController.swift in Sources */ = {isa = PBXBuildFile; fileRef = D033677920D2006600E37E55 /* SplitViewController.swift */; };
		D03D790B20B4ED7A00C5EDF1 /* BrowserViewController.swift in Sources */ = {isa = PBXBuildFile; fileRef = D03D790A20B4ED7A00C5EDF1 /* BrowserViewController.swift */; };
		D054FA5A20C366E700A7BA37 /* BookPageViewController.swift in Sources */ = {isa = PBXBuildFile; fileRef = D054FA5920C366E700A7BA37 /* BookPageViewController.swift */; };
		D054FA5C20C3684A00A7BA37 /* BookViewController.swift in Sources */ = {isa = PBXBuildFile; fileRef = D054FA5B20C3684A00A7BA37 /* BookViewController.swift */; };
		D061F52C20B10F5200A54BCB /* AppearanceManager.swift in Sources */ = {isa = PBXBuildFile; fileRef = D061F52B20B10F5200A54BCB /* AppearanceManager.swift */; };
		D061F52F20B110D000A54BCB /* BADABB.TTF in Resources */ = {isa = PBXBuildFile; fileRef = D061F52E20B110A300A54BCB /* BADABB.TTF */; };
		D061F53120B11CB200A54BCB /* Comic Panels.ttf in Resources */ = {isa = PBXBuildFile; fileRef = D061F53020B1168C00A54BCB /* Comic Panels.ttf */; };
		D093B6F520D0A72F00C07BC7 /* PageCollectionViewCell.swift in Sources */ = {isa = PBXBuildFile; fileRef = D093B6F420D0A72F00C07BC7 /* PageCollectionViewCell.swift */; };
		D093B6F720D0A7D200C07BC7 /* PagesCollectionViewController.swift in Sources */ = {isa = PBXBuildFile; fileRef = D093B6F620D0A7D200C07BC7 /* PagesCollectionViewController.swift */; };
		D0BB907420ABAD5E00590A93 /* Metadata.xcdatamodeld in Sources */ = {isa = PBXBuildFile; fileRef = D0BB907220ABAD5E00590A93 /* Metadata.xcdatamodeld */; };
		D0BB908A20ABB1F200590A93 /* CDStack.m in Sources */ = {isa = PBXBuildFile; fileRef = D0BB908920ABB1F200590A93 /* CDStack.m */; };
		D0BB908F20ABC9CE00590A93 /* ComicCollectionViewCell.swift in Sources */ = {isa = PBXBuildFile; fileRef = D0BB908E20ABC9CE00590A93 /* ComicCollectionViewCell.swift */; };
		D0C323D420D9D14F0034B1E1 /* CoverExtractOperation.swift in Sources */ = {isa = PBXBuildFile; fileRef = D0C323D320D9D14F0034B1E1 /* CoverExtractOperation.swift */; };
		D0C323DA20D9EA5E0034B1E1 /* QueueProvider.swift in Sources */ = {isa = PBXBuildFile; fileRef = D0C323D920D9EA5E0034B1E1 /* QueueProvider.swift */; };
		D0D4364D20A7E2DD00A18713 /* ComicDirectoryViewControllerTableViewController.swift in Sources */ = {isa = PBXBuildFile; fileRef = D0D4364C20A7E2DD00A18713 /* ComicDirectoryViewControllerTableViewController.swift */; };
		D0D4364F20A7E40A00A18713 /* FileController.swift in Sources */ = {isa = PBXBuildFile; fileRef = D0D4364E20A7E40A00A18713 /* FileController.swift */; };
		D0E4B5CC20BB625200C1A2F3 /* ProgressView.swift in Sources */ = {isa = PBXBuildFile; fileRef = D0E4B5CB20BB625200C1A2F3 /* ProgressView.swift */; };
		D0E4B5CE20BB6D0F00C1A2F3 /* ProgressView.xib in Resources */ = {isa = PBXBuildFile; fileRef = D0E4B5CD20BB6D0F00C1A2F3 /* ProgressView.xib */; };
/* End PBXBuildFile section */

/* Begin PBXFileReference section */
		0A55C9603DDF4E4D8100F120 /* Pods-Pop Comics.debug.xcconfig */ = {isa = PBXFileReference; includeInIndex = 1; lastKnownFileType = text.xcconfig; name = "Pods-Pop Comics.debug.xcconfig"; path = "Pods/Target Support Files/Pods-Pop Comics/Pods-Pop Comics.debug.xcconfig"; sourceTree = "<group>"; };
		3F996FFF2257CBD100BAADA1 /* Metadata+CoreDataClass.h */ = {isa = PBXFileReference; lastKnownFileType = sourcecode.c.h; path = "Metadata+CoreDataClass.h"; sourceTree = "<group>"; };
		3F9970002257CBE500BAADA1 /* Metadata+CoreDataClass.m */ = {isa = PBXFileReference; fileEncoding = 4; lastKnownFileType = sourcecode.c.objc; path = "Metadata+CoreDataClass.m"; sourceTree = "<group>"; };
		3F9970022257CBFD00BAADA1 /* Metadata+CoreDataProperties.h */ = {isa = PBXFileReference; lastKnownFileType = sourcecode.c.h; path = "Metadata+CoreDataProperties.h"; sourceTree = "<group>"; };
		3F9970032257CC0900BAADA1 /* Metadata+CoreDataProperties.m */ = {isa = PBXFileReference; fileEncoding = 4; lastKnownFileType = sourcecode.c.objc; path = "Metadata+CoreDataProperties.m"; sourceTree = "<group>"; };
		88C301B021AF80F9971AD990 /* Pods-Pop Comics.release.xcconfig */ = {isa = PBXFileReference; includeInIndex = 1; lastKnownFileType = text.xcconfig; name = "Pods-Pop Comics.release.xcconfig"; path = "Pods/Target Support Files/Pods-Pop Comics/Pods-Pop Comics.release.xcconfig"; sourceTree = "<group>"; };
		A49864D09152285EDA471FB1 /* Pods_Pop_Comics.framework */ = {isa = PBXFileReference; explicitFileType = wrapper.framework; includeInIndex = 0; path = Pods_Pop_Comics.framework; sourceTree = BUILT_PRODUCTS_DIR; };
		D003B81C204F94DA005500AD /* Pop Comics.app */ = {isa = PBXFileReference; explicitFileType = wrapper.application; includeInIndex = 0; path = "Pop Comics.app"; sourceTree = BUILT_PRODUCTS_DIR; };
		D003B81F204F94DA005500AD /* AppDelegate.swift */ = {isa = PBXFileReference; lastKnownFileType = sourcecode.swift; path = AppDelegate.swift; sourceTree = "<group>"; };
		D003B824204F94DA005500AD /* Base */ = {isa = PBXFileReference; lastKnownFileType = file.storyboard; name = Base; path = Base.lproj/Main.storyboard; sourceTree = "<group>"; };
		D003B826204F94DA005500AD /* Assets.xcassets */ = {isa = PBXFileReference; lastKnownFileType = folder.assetcatalog; path = Assets.xcassets; sourceTree = "<group>"; };
		D003B829204F94DA005500AD /* Base */ = {isa = PBXFileReference; lastKnownFileType = file.storyboard; name = Base; path = Base.lproj/LaunchScreen.storyboard; sourceTree = "<group>"; };
		D003B82B204F94DA005500AD /* Info.plist */ = {isa = PBXFileReference; lastKnownFileType = text.plist.xml; path = Info.plist; sourceTree = "<group>"; };
		D003B836204F9752005500AD /* ComicManager.swift */ = {isa = PBXFileReference; lastKnownFileType = sourcecode.swift; path = ComicManager.swift; sourceTree = "<group>"; };
		D033677920D2006600E37E55 /* SplitViewController.swift */ = {isa = PBXFileReference; lastKnownFileType = sourcecode.swift; path = SplitViewController.swift; sourceTree = "<group>"; };
		D03D790A20B4ED7A00C5EDF1 /* BrowserViewController.swift */ = {isa = PBXFileReference; lastKnownFileType = sourcecode.swift; path = BrowserViewController.swift; sourceTree = "<group>"; };
		D054FA5920C366E700A7BA37 /* BookPageViewController.swift */ = {isa = PBXFileReference; lastKnownFileType = sourcecode.swift; path = BookPageViewController.swift; sourceTree = "<group>"; };
		D054FA5B20C3684A00A7BA37 /* BookViewController.swift */ = {isa = PBXFileReference; lastKnownFileType = sourcecode.swift; path = BookViewController.swift; sourceTree = "<group>"; };
		D061F52B20B10F5200A54BCB /* AppearanceManager.swift */ = {isa = PBXFileReference; lastKnownFileType = sourcecode.swift; path = AppearanceManager.swift; sourceTree = "<group>"; };
		D061F52E20B110A300A54BCB /* BADABB.TTF */ = {isa = PBXFileReference; lastKnownFileType = file; path = BADABB.TTF; sourceTree = "<group>"; };
		D061F53020B1168C00A54BCB /* Comic Panels.ttf */ = {isa = PBXFileReference; lastKnownFileType = file; path = "Comic Panels.ttf"; sourceTree = "<group>"; };
		D093B6F420D0A72F00C07BC7 /* PageCollectionViewCell.swift */ = {isa = PBXFileReference; lastKnownFileType = sourcecode.swift; path = PageCollectionViewCell.swift; sourceTree = "<group>"; };
		D093B6F620D0A7D200C07BC7 /* PagesCollectionViewController.swift */ = {isa = PBXFileReference; lastKnownFileType = sourcecode.swift; path = PagesCollectionViewController.swift; sourceTree = "<group>"; };
		D0BB907320ABAD5E00590A93 /* Metadata.xcdatamodel */ = {isa = PBXFileReference; lastKnownFileType = wrapper.xcdatamodel; path = Metadata.xcdatamodel; sourceTree = "<group>"; };
		D0BB908820ABB1A100590A93 /* CDStack.h */ = {isa = PBXFileReference; lastKnownFileType = sourcecode.c.h; path = CDStack.h; sourceTree = "<group>"; };
		D0BB908920ABB1F200590A93 /* CDStack.m */ = {isa = PBXFileReference; lastKnownFileType = sourcecode.c.objc; path = CDStack.m; sourceTree = "<group>"; };
		D0BB908D20ABB4F100590A93 /* Pop-Comics-BridgingHeader.h */ = {isa = PBXFileReference; lastKnownFileType = sourcecode.c.h; path = "Pop-Comics-BridgingHeader.h"; sourceTree = "<group>"; };
		D0BB908E20ABC9CE00590A93 /* ComicCollectionViewCell.swift */ = {isa = PBXFileReference; lastKnownFileType = sourcecode.swift; path = ComicCollectionViewCell.swift; sourceTree = "<group>"; };
		D0C323D320D9D14F0034B1E1 /* CoverExtractOperation.swift */ = {isa = PBXFileReference; lastKnownFileType = sourcecode.swift; path = CoverExtractOperation.swift; sourceTree = "<group>"; };
		D0C323D920D9EA5E0034B1E1 /* QueueProvider.swift */ = {isa = PBXFileReference; lastKnownFileType = sourcecode.swift; path = QueueProvider.swift; sourceTree = "<group>"; };
		D0D4364C20A7E2DD00A18713 /* ComicDirectoryViewControllerTableViewController.swift */ = {isa = PBXFileReference; lastKnownFileType = sourcecode.swift; path = ComicDirectoryViewControllerTableViewController.swift; sourceTree = "<group>"; };
		D0D4364E20A7E40A00A18713 /* FileController.swift */ = {isa = PBXFileReference; lastKnownFileType = sourcecode.swift; path = FileController.swift; sourceTree = "<group>"; };
		D0E4B5CB20BB625200C1A2F3 /* ProgressView.swift */ = {isa = PBXFileReference; lastKnownFileType = sourcecode.swift; path = ProgressView.swift; sourceTree = "<group>"; };
		D0E4B5CD20BB6D0F00C1A2F3 /* ProgressView.xib */ = {isa = PBXFileReference; lastKnownFileType = file.xib; path = ProgressView.xib; sourceTree = "<group>"; };
/* End PBXFileReference section */

/* Begin PBXFrameworksBuildPhase section */
		D003B819204F94DA005500AD /* Frameworks */ = {
			isa = PBXFrameworksBuildPhase;
			buildActionMask = 2147483647;
			files = (
				8A5F108E5F0C6AF073CBC263 /* Pods_Pop_Comics.framework in Frameworks */,
			);
			runOnlyForDeploymentPostprocessing = 0;
		};
/* End PBXFrameworksBuildPhase section */

/* Begin PBXGroup section */
		D003B813204F94DA005500AD = {
			isa = PBXGroup;
			children = (
				D003B81E204F94DA005500AD /* Pop Comics */,
				D003B81D204F94DA005500AD /* Products */,
				DFA0C195B3EAF311ED662247 /* Pods */,
				E88E3409061ED50A799BC7B3 /* Frameworks */,
			);
			sourceTree = "<group>";
		};
		D003B81D204F94DA005500AD /* Products */ = {
			isa = PBXGroup;
			children = (
				D003B81C204F94DA005500AD /* Pop Comics.app */,
			);
			name = Products;
			sourceTree = "<group>";
		};
		D003B81E204F94DA005500AD /* Pop Comics */ = {
			isa = PBXGroup;
			children = (
				D061F52D20B1107A00A54BCB /* Fonts */,
				D061F52A20B10F3400A54BCB /* Appearance */,
				D0BB908720ABB15700590A93 /* CoreData */,
				D003B835204F96E0005500AD /* File Manager */,
				D0BB908C20ABB4C400590A93 /* Views */,
				D003B81F204F94DA005500AD /* AppDelegate.swift */,
				D003B823204F94DA005500AD /* Main.storyboard */,
				D003B826204F94DA005500AD /* Assets.xcassets */,
				D003B828204F94DA005500AD /* LaunchScreen.storyboard */,
				D003B82B204F94DA005500AD /* Info.plist */,
				D0BB908D20ABB4F100590A93 /* Pop-Comics-BridgingHeader.h */,
				D0BB907220ABAD5E00590A93 /* Metadata.xcdatamodeld */,
			);
			path = "Pop Comics";
			sourceTree = "<group>";
		};
		D003B835204F96E0005500AD /* File Manager */ = {
			isa = PBXGroup;
			children = (
				D003B836204F9752005500AD /* ComicManager.swift */,
				D0D4364E20A7E40A00A18713 /* FileController.swift */,
			);
			path = "File Manager";
			sourceTree = "<group>";
		};
		D061F52A20B10F3400A54BCB /* Appearance */ = {
			isa = PBXGroup;
			children = (
				D061F52B20B10F5200A54BCB /* AppearanceManager.swift */,
			);
			path = Appearance;
			sourceTree = "<group>";
		};
		D061F52D20B1107A00A54BCB /* Fonts */ = {
			isa = PBXGroup;
			children = (
				D061F53020B1168C00A54BCB /* Comic Panels.ttf */,
				D061F52E20B110A300A54BCB /* BADABB.TTF */,
			);
			path = Fonts;
			sourceTree = "<group>";
		};
		D0BB908720ABB15700590A93 /* CoreData */ = {
			isa = PBXGroup;
			children = (
				3F996FFF2257CBD100BAADA1 /* Metadata+CoreDataClass.h */,
				3F9970002257CBE500BAADA1 /* Metadata+CoreDataClass.m */,
				3F9970022257CBFD00BAADA1 /* Metadata+CoreDataProperties.h */,
				3F9970032257CC0900BAADA1 /* Metadata+CoreDataProperties.m */,
				D0BB908820ABB1A100590A93 /* CDStack.h */,
				D0BB908920ABB1F200590A93 /* CDStack.m */,
				D0C323D320D9D14F0034B1E1 /* CoverExtractOperation.swift */,
				D0C323D920D9EA5E0034B1E1 /* QueueProvider.swift */,
			);
			path = CoreData;
			sourceTree = "<group>";
		};
		D0BB908C20ABB4C400590A93 /* Views */ = {
			isa = PBXGroup;
			children = (
				D0D4364C20A7E2DD00A18713 /* ComicDirectoryViewControllerTableViewController.swift */,
				D0BB908E20ABC9CE00590A93 /* ComicCollectionViewCell.swift */,
				D03D790A20B4ED7A00C5EDF1 /* BrowserViewController.swift */,
				D0E4B5CB20BB625200C1A2F3 /* ProgressView.swift */,
				D0E4B5CD20BB6D0F00C1A2F3 /* ProgressView.xib */,
				D054FA5920C366E700A7BA37 /* BookPageViewController.swift */,
				D054FA5B20C3684A00A7BA37 /* BookViewController.swift */,
				D093B6F420D0A72F00C07BC7 /* PageCollectionViewCell.swift */,
				D093B6F620D0A7D200C07BC7 /* PagesCollectionViewController.swift */,
				D033677920D2006600E37E55 /* SplitViewController.swift */,
			);
			path = Views;
			sourceTree = "<group>";
		};
		DFA0C195B3EAF311ED662247 /* Pods */ = {
			isa = PBXGroup;
			children = (
				0A55C9603DDF4E4D8100F120 /* Pods-Pop Comics.debug.xcconfig */,
				88C301B021AF80F9971AD990 /* Pods-Pop Comics.release.xcconfig */,
			);
			name = Pods;
			sourceTree = "<group>";
		};
		E88E3409061ED50A799BC7B3 /* Frameworks */ = {
			isa = PBXGroup;
			children = (
				A49864D09152285EDA471FB1 /* Pods_Pop_Comics.framework */,
			);
			name = Frameworks;
			sourceTree = "<group>";
		};
/* End PBXGroup section */

/* Begin PBXNativeTarget section */
		D003B81B204F94DA005500AD /* Pop Comics */ = {
			isa = PBXNativeTarget;
			buildConfigurationList = D003B82E204F94DA005500AD /* Build configuration list for PBXNativeTarget "Pop Comics" */;
			buildPhases = (
				3D9FC6F15B369CE086B30B1B /* [CP] Check Pods Manifest.lock */,
				D003B818204F94DA005500AD /* Sources */,
				D003B819204F94DA005500AD /* Frameworks */,
				D003B81A204F94DA005500AD /* Resources */,
				7F84DD5F055A6CE981DB2D6D /* [CP] Embed Pods Frameworks */,
			);
			buildRules = (
			);
			dependencies = (
			);
			name = "Pop Comics";
			productName = "Pop Comics";
			productReference = D003B81C204F94DA005500AD /* Pop Comics.app */;
			productType = "com.apple.product-type.application";
		};
/* End PBXNativeTarget section */

/* Begin PBXProject section */
		D003B814204F94DA005500AD /* Project object */ = {
			isa = PBXProject;
			attributes = {
				LastSwiftUpdateCheck = 0920;
				LastUpgradeCheck = 1020;
				ORGANIZATIONNAME = "Oklasoft LLC";
				TargetAttributes = {
					D003B81B204F94DA005500AD = {
						CreatedOnToolsVersion = 9.2;
						LastSwiftMigration = 1020;
						ProvisioningStyle = Automatic;
					};
				};
			};
			buildConfigurationList = D003B817204F94DA005500AD /* Build configuration list for PBXProject "Pop Comics" */;
			compatibilityVersion = "Xcode 8.0";
			developmentRegion = en;
			hasScannedForEncodings = 0;
			knownRegions = (
				en,
				Base,
			);
			mainGroup = D003B813204F94DA005500AD;
			productRefGroup = D003B81D204F94DA005500AD /* Products */;
			projectDirPath = "";
			projectRoot = "";
			targets = (
				D003B81B204F94DA005500AD /* Pop Comics */,
			);
		};
/* End PBXProject section */

/* Begin PBXResourcesBuildPhase section */
		D003B81A204F94DA005500AD /* Resources */ = {
			isa = PBXResourcesBuildPhase;
			buildActionMask = 2147483647;
			files = (
				D061F53120B11CB200A54BCB /* Comic Panels.ttf in Resources */,
				D061F52F20B110D000A54BCB /* BADABB.TTF in Resources */,
				D003B82A204F94DA005500AD /* LaunchScreen.storyboard in Resources */,
				D0E4B5CE20BB6D0F00C1A2F3 /* ProgressView.xib in Resources */,
				D003B827204F94DA005500AD /* Assets.xcassets in Resources */,
				D003B825204F94DA005500AD /* Main.storyboard in Resources */,
			);
			runOnlyForDeploymentPostprocessing = 0;
		};
/* End PBXResourcesBuildPhase section */

/* Begin PBXShellScriptBuildPhase section */
		3D9FC6F15B369CE086B30B1B /* [CP] Check Pods Manifest.lock */ = {
			isa = PBXShellScriptBuildPhase;
			buildActionMask = 2147483647;
			files = (
			);
			inputPaths = (
				"${PODS_PODFILE_DIR_PATH}/Podfile.lock",
				"${PODS_ROOT}/Manifest.lock",
			);
			name = "[CP] Check Pods Manifest.lock";
			outputPaths = (
				"$(DERIVED_FILE_DIR)/Pods-Pop Comics-checkManifestLockResult.txt",
			);
			runOnlyForDeploymentPostprocessing = 0;
			shellPath = /bin/sh;
			shellScript = "diff \"${PODS_PODFILE_DIR_PATH}/Podfile.lock\" \"${PODS_ROOT}/Manifest.lock\" > /dev/null\nif [ $? != 0 ] ; then\n    # print error to STDERR\n    echo \"error: The sandbox is not in sync with the Podfile.lock. Run 'pod install' or update your CocoaPods installation.\" >&2\n    exit 1\nfi\n# This output is used by Xcode 'outputs' to avoid re-running this script phase.\necho \"SUCCESS\" > \"${SCRIPT_OUTPUT_FILE_0}\"\n";
			showEnvVarsInLog = 0;
		};
		7F84DD5F055A6CE981DB2D6D /* [CP] Embed Pods Frameworks */ = {
			isa = PBXShellScriptBuildPhase;
			buildActionMask = 2147483647;
			files = (
			);
			inputPaths = (
				"${SRCROOT}/Pods/Target Support Files/Pods-Pop Comics/Pods-Pop Comics-frameworks.sh",
				"${BUILT_PRODUCTS_DIR}/NVHTarGzip/NVHTarGzip.framework",
				"${BUILT_PRODUCTS_DIR}/UnrarKit/UnrarKit.framework",
				"${BUILT_PRODUCTS_DIR}/Zip/Zip.framework",
			);
			name = "[CP] Embed Pods Frameworks";
			outputPaths = (
				"${TARGET_BUILD_DIR}/${FRAMEWORKS_FOLDER_PATH}/NVHTarGzip.framework",
				"${TARGET_BUILD_DIR}/${FRAMEWORKS_FOLDER_PATH}/UnrarKit.framework",
				"${TARGET_BUILD_DIR}/${FRAMEWORKS_FOLDER_PATH}/Zip.framework",
			);
			runOnlyForDeploymentPostprocessing = 0;
			shellPath = /bin/sh;
			shellScript = "\"${SRCROOT}/Pods/Target Support Files/Pods-Pop Comics/Pods-Pop Comics-frameworks.sh\"\n";
			showEnvVarsInLog = 0;
		};
/* End PBXShellScriptBuildPhase section */

/* Begin PBXSourcesBuildPhase section */
		D003B818204F94DA005500AD /* Sources */ = {
			isa = PBXSourcesBuildPhase;
			buildActionMask = 2147483647;
			files = (
				3F9970012257CBE500BAADA1 /* Metadata+CoreDataClass.m in Sources */,
				D0BB908F20ABC9CE00590A93 /* ComicCollectionViewCell.swift in Sources */,
				D0C323DA20D9EA5E0034B1E1 /* QueueProvider.swift in Sources */,
				D03D790B20B4ED7A00C5EDF1 /* BrowserViewController.swift in Sources */,
				D0BB908A20ABB1F200590A93 /* CDStack.m in Sources */,
				D003B820204F94DA005500AD /* AppDelegate.swift in Sources */,
				D0D4364D20A7E2DD00A18713 /* ComicDirectoryViewControllerTableViewController.swift in Sources */,
				D033677A20D2006600E37E55 /* SplitViewController.swift in Sources */,
				D054FA5A20C366E700A7BA37 /* BookPageViewController.swift in Sources */,
				D003B837204F9752005500AD /* ComicManager.swift in Sources */,
				D061F52C20B10F5200A54BCB /* AppearanceManager.swift in Sources */,
				3F9970042257CC0900BAADA1 /* Metadata+CoreDataProperties.m in Sources */,
				D0E4B5CC20BB625200C1A2F3 /* ProgressView.swift in Sources */,
				D093B6F520D0A72F00C07BC7 /* PageCollectionViewCell.swift in Sources */,
				D054FA5C20C3684A00A7BA37 /* BookViewController.swift in Sources */,
				D0BB907420ABAD5E00590A93 /* Metadata.xcdatamodeld in Sources */,
				D0D4364F20A7E40A00A18713 /* FileController.swift in Sources */,
				D093B6F720D0A7D200C07BC7 /* PagesCollectionViewController.swift in Sources */,
				D0C323D420D9D14F0034B1E1 /* CoverExtractOperation.swift in Sources */,
			);
			runOnlyForDeploymentPostprocessing = 0;
		};
/* End PBXSourcesBuildPhase section */

/* Begin PBXVariantGroup section */
		D003B823204F94DA005500AD /* Main.storyboard */ = {
			isa = PBXVariantGroup;
			children = (
				D003B824204F94DA005500AD /* Base */,
			);
			name = Main.storyboard;
			sourceTree = "<group>";
		};
		D003B828204F94DA005500AD /* LaunchScreen.storyboard */ = {
			isa = PBXVariantGroup;
			children = (
				D003B829204F94DA005500AD /* Base */,
			);
			name = LaunchScreen.storyboard;
			sourceTree = "<group>";
		};
/* End PBXVariantGroup section */

/* Begin XCBuildConfiguration section */
		D003B82C204F94DA005500AD /* Debug */ = {
			isa = XCBuildConfiguration;
			buildSettings = {
				ALWAYS_SEARCH_USER_PATHS = NO;
				CLANG_ANALYZER_NONNULL = YES;
				CLANG_ANALYZER_NUMBER_OBJECT_CONVERSION = YES_AGGRESSIVE;
				CLANG_CXX_LANGUAGE_STANDARD = "gnu++14";
				CLANG_CXX_LIBRARY = "libc++";
				CLANG_ENABLE_MODULES = YES;
				CLANG_ENABLE_OBJC_ARC = YES;
				CLANG_WARN_BLOCK_CAPTURE_AUTORELEASING = YES;
				CLANG_WARN_BOOL_CONVERSION = YES;
				CLANG_WARN_COMMA = YES;
				CLANG_WARN_CONSTANT_CONVERSION = YES;
				CLANG_WARN_DEPRECATED_OBJC_IMPLEMENTATIONS = YES;
				CLANG_WARN_DIRECT_OBJC_ISA_USAGE = YES_ERROR;
				CLANG_WARN_DOCUMENTATION_COMMENTS = YES;
				CLANG_WARN_EMPTY_BODY = YES;
				CLANG_WARN_ENUM_CONVERSION = YES;
				CLANG_WARN_INFINITE_RECURSION = YES;
				CLANG_WARN_INT_CONVERSION = YES;
				CLANG_WARN_NON_LITERAL_NULL_CONVERSION = YES;
				CLANG_WARN_OBJC_IMPLICIT_RETAIN_SELF = YES;
				CLANG_WARN_OBJC_LITERAL_CONVERSION = YES;
				CLANG_WARN_OBJC_ROOT_CLASS = YES_ERROR;
				CLANG_WARN_RANGE_LOOP_ANALYSIS = YES;
				CLANG_WARN_STRICT_PROTOTYPES = YES;
				CLANG_WARN_SUSPICIOUS_MOVE = YES;
				CLANG_WARN_UNGUARDED_AVAILABILITY = YES_AGGRESSIVE;
				CLANG_WARN_UNREACHABLE_CODE = YES;
				CLANG_WARN__DUPLICATE_METHOD_MATCH = YES;
				CODE_SIGN_IDENTITY = "iPhone Developer";
				COPY_PHASE_STRIP = NO;
				DEBUG_INFORMATION_FORMAT = dwarf;
				ENABLE_STRICT_OBJC_MSGSEND = YES;
				ENABLE_TESTABILITY = YES;
				GCC_C_LANGUAGE_STANDARD = gnu11;
				GCC_DYNAMIC_NO_PIC = NO;
				GCC_NO_COMMON_BLOCKS = YES;
				GCC_OPTIMIZATION_LEVEL = 0;
				GCC_PREPROCESSOR_DEFINITIONS = (
					"DEBUG=1",
					"$(inherited)",
				);
				GCC_WARN_64_TO_32_BIT_CONVERSION = YES;
				GCC_WARN_ABOUT_RETURN_TYPE = YES_ERROR;
				GCC_WARN_UNDECLARED_SELECTOR = YES;
				GCC_WARN_UNINITIALIZED_AUTOS = YES_AGGRESSIVE;
				GCC_WARN_UNUSED_FUNCTION = YES;
				GCC_WARN_UNUSED_VARIABLE = YES;
				IPHONEOS_DEPLOYMENT_TARGET = 11.2;
				MTL_ENABLE_DEBUG_INFO = YES;
				ONLY_ACTIVE_ARCH = YES;
				SDKROOT = iphoneos;
				SWIFT_ACTIVE_COMPILATION_CONDITIONS = DEBUG;
				SWIFT_OPTIMIZATION_LEVEL = "-Onone";
			};
			name = Debug;
		};
		D003B82D204F94DA005500AD /* Release */ = {
			isa = XCBuildConfiguration;
			buildSettings = {
				ALWAYS_SEARCH_USER_PATHS = NO;
				CLANG_ANALYZER_NONNULL = YES;
				CLANG_ANALYZER_NUMBER_OBJECT_CONVERSION = YES_AGGRESSIVE;
				CLANG_CXX_LANGUAGE_STANDARD = "gnu++14";
				CLANG_CXX_LIBRARY = "libc++";
				CLANG_ENABLE_MODULES = YES;
				CLANG_ENABLE_OBJC_ARC = YES;
				CLANG_WARN_BLOCK_CAPTURE_AUTORELEASING = YES;
				CLANG_WARN_BOOL_CONVERSION = YES;
				CLANG_WARN_COMMA = YES;
				CLANG_WARN_CONSTANT_CONVERSION = YES;
				CLANG_WARN_DEPRECATED_OBJC_IMPLEMENTATIONS = YES;
				CLANG_WARN_DIRECT_OBJC_ISA_USAGE = YES_ERROR;
				CLANG_WARN_DOCUMENTATION_COMMENTS = YES;
				CLANG_WARN_EMPTY_BODY = YES;
				CLANG_WARN_ENUM_CONVERSION = YES;
				CLANG_WARN_INFINITE_RECURSION = YES;
				CLANG_WARN_INT_CONVERSION = YES;
				CLANG_WARN_NON_LITERAL_NULL_CONVERSION = YES;
				CLANG_WARN_OBJC_IMPLICIT_RETAIN_SELF = YES;
				CLANG_WARN_OBJC_LITERAL_CONVERSION = YES;
				CLANG_WARN_OBJC_ROOT_CLASS = YES_ERROR;
				CLANG_WARN_RANGE_LOOP_ANALYSIS = YES;
				CLANG_WARN_STRICT_PROTOTYPES = YES;
				CLANG_WARN_SUSPICIOUS_MOVE = YES;
				CLANG_WARN_UNGUARDED_AVAILABILITY = YES_AGGRESSIVE;
				CLANG_WARN_UNREACHABLE_CODE = YES;
				CLANG_WARN__DUPLICATE_METHOD_MATCH = YES;
				CODE_SIGN_IDENTITY = "iPhone Developer";
				COPY_PHASE_STRIP = NO;
				DEBUG_INFORMATION_FORMAT = "dwarf-with-dsym";
				ENABLE_NS_ASSERTIONS = NO;
				ENABLE_STRICT_OBJC_MSGSEND = YES;
				GCC_C_LANGUAGE_STANDARD = gnu11;
				GCC_NO_COMMON_BLOCKS = YES;
				GCC_WARN_64_TO_32_BIT_CONVERSION = YES;
				GCC_WARN_ABOUT_RETURN_TYPE = YES_ERROR;
				GCC_WARN_UNDECLARED_SELECTOR = YES;
				GCC_WARN_UNINITIALIZED_AUTOS = YES_AGGRESSIVE;
				GCC_WARN_UNUSED_FUNCTION = YES;
				GCC_WARN_UNUSED_VARIABLE = YES;
				IPHONEOS_DEPLOYMENT_TARGET = 11.2;
				MTL_ENABLE_DEBUG_INFO = NO;
				SDKROOT = iphoneos;
				SWIFT_OPTIMIZATION_LEVEL = "-Owholemodule";
				VALIDATE_PRODUCT = YES;
			};
			name = Release;
		};
		D003B82F204F94DA005500AD /* Debug */ = {
			isa = XCBuildConfiguration;
			baseConfigurationReference = 0A55C9603DDF4E4D8100F120 /* Pods-Pop Comics.debug.xcconfig */;
			buildSettings = {
				ALWAYS_EMBED_SWIFT_STANDARD_LIBRARIES = NO;
				ASSETCATALOG_COMPILER_APPICON_NAME = AppIcon;
				CODE_SIGN_STYLE = Automatic;
				DEVELOPMENT_TEAM = CDP7Y4YU55;
				INFOPLIST_FILE = "Pop Comics/Info.plist";
				IPHONEOS_DEPLOYMENT_TARGET = 12.2;
				LD_RUNPATH_SEARCH_PATHS = "$(inherited) @executable_path/Frameworks";
				PRODUCT_BUNDLE_IDENTIFIER = "com.oakes.Pop-Comics";
				PRODUCT_NAME = "$(TARGET_NAME)";
				SWIFT_OBJC_BRIDGING_HEADER = "$(SRCROOT)/Pop Comics/Pop-Comics-BridgingHeader.h";
				SWIFT_VERSION = 5.0;
				TARGETED_DEVICE_FAMILY = "1,2";
			};
			name = Debug;
		};
		D003B830204F94DA005500AD /* Release */ = {
			isa = XCBuildConfiguration;
			baseConfigurationReference = 88C301B021AF80F9971AD990 /* Pods-Pop Comics.release.xcconfig */;
			buildSettings = {
				ALWAYS_EMBED_SWIFT_STANDARD_LIBRARIES = NO;
				ASSETCATALOG_COMPILER_APPICON_NAME = AppIcon;
				CODE_SIGN_STYLE = Automatic;
				DEVELOPMENT_TEAM = CDP7Y4YU55;
				INFOPLIST_FILE = "Pop Comics/Info.plist";
				IPHONEOS_DEPLOYMENT_TARGET = 12.2;
				LD_RUNPATH_SEARCH_PATHS = "$(inherited) @executable_path/Frameworks";
				PRODUCT_BUNDLE_IDENTIFIER = "com.oakes.Pop-Comics";
				PRODUCT_NAME = "$(TARGET_NAME)";
				SWIFT_OBJC_BRIDGING_HEADER = "$(SRCROOT)/Pop Comics/Pop-Comics-BridgingHeader.h";
				SWIFT_VERSION = 5.0;
				TARGETED_DEVICE_FAMILY = "1,2";
			};
			name = Release;
		};
/* End XCBuildConfiguration section */

/* Begin XCConfigurationList section */
		D003B817204F94DA005500AD /* Build configuration list for PBXProject "Pop Comics" */ = {
			isa = XCConfigurationList;
			buildConfigurations = (
				D003B82C204F94DA005500AD /* Debug */,
				D003B82D204F94DA005500AD /* Release */,
			);
			defaultConfigurationIsVisible = 0;
			defaultConfigurationName = Release;
		};
		D003B82E204F94DA005500AD /* Build configuration list for PBXNativeTarget "Pop Comics" */ = {
			isa = XCConfigurationList;
			buildConfigurations = (
				D003B82F204F94DA005500AD /* Debug */,
				D003B830204F94DA005500AD /* Release */,
			);
			defaultConfigurationIsVisible = 0;
			defaultConfigurationName = Release;
		};
/* End XCConfigurationList section */

/* Begin XCVersionGroup section */
		D0BB907220ABAD5E00590A93 /* Metadata.xcdatamodeld */ = {
			isa = XCVersionGroup;
			children = (
				D0BB907320ABAD5E00590A93 /* Metadata.xcdatamodel */,
			);
			currentVersion = D0BB907320ABAD5E00590A93 /* Metadata.xcdatamodel */;
			path = Metadata.xcdatamodeld;
			sourceTree = "<group>";
			versionGroupType = wrapper.xcdatamodel;
		};
/* End XCVersionGroup section */
	};
	rootObject = D003B814204F94DA005500AD /* Project object */;
}
